// !$*UTF8*$!
{
	archiveVersion = 1;
	classes = {
	};
	objectVersion = 55;
	objects = {

/* Begin PBXBuildFile section */
		20632660281391320092784A /* RandomCounterView_MVVM.swift in Sources */ = {isa = PBXBuildFile; fileRef = 2063265F281391320092784A /* RandomCounterView_MVVM.swift */; };
		20632662281392460092784A /* TwoCounterPage_MVVM.swift in Sources */ = {isa = PBXBuildFile; fileRef = 20632661281392460092784A /* TwoCounterPage_MVVM.swift */; };
		20728FF42813964900EFF555 /* CountersStore.swift in Sources */ = {isa = PBXBuildFile; fileRef = 20728FF32813964900EFF555 /* CountersStore.swift */; };
		20728FF62813996E00EFF555 /* TwoCounterPage.swift in Sources */ = {isa = PBXBuildFile; fileRef = 20728FF52813996E00EFF555 /* TwoCounterPage.swift */; };
		2081F834281280B400669DFC /* Tests_iOS.swift in Sources */ = {isa = PBXBuildFile; fileRef = 2081F833281280B400669DFC /* Tests_iOS.swift */; };
		2081F836281280B400669DFC /* Tests_iOSLaunchTests.swift in Sources */ = {isa = PBXBuildFile; fileRef = 2081F835281280B400669DFC /* Tests_iOSLaunchTests.swift */; };
		2081F840281280B400669DFC /* Tests_macOS.swift in Sources */ = {isa = PBXBuildFile; fileRef = 2081F83F281280B400669DFC /* Tests_macOS.swift */; };
		2081F842281280B400669DFC /* Tests_macOSLaunchTests.swift in Sources */ = {isa = PBXBuildFile; fileRef = 2081F841281280B400669DFC /* Tests_macOSLaunchTests.swift */; };
		2081F843281280B400669DFC /* swiftui_with_mvvm_to_tca_counterApp.swift in Sources */ = {isa = PBXBuildFile; fileRef = 2081F81B281280B200669DFC /* swiftui_with_mvvm_to_tca_counterApp.swift */; };
		2081F844281280B400669DFC /* swiftui_with_mvvm_to_tca_counterApp.swift in Sources */ = {isa = PBXBuildFile; fileRef = 2081F81B281280B200669DFC /* swiftui_with_mvvm_to_tca_counterApp.swift */; };
		2081F845281280B400669DFC /* ContentView.swift in Sources */ = {isa = PBXBuildFile; fileRef = 2081F81C281280B200669DFC /* ContentView.swift */; };
		2081F846281280B400669DFC /* ContentView.swift in Sources */ = {isa = PBXBuildFile; fileRef = 2081F81C281280B200669DFC /* ContentView.swift */; };
		2081F847281280B400669DFC /* Assets.xcassets in Resources */ = {isa = PBXBuildFile; fileRef = 2081F81D281280B400669DFC /* Assets.xcassets */; };
		2081F848281280B400669DFC /* Assets.xcassets in Resources */ = {isa = PBXBuildFile; fileRef = 2081F81D281280B400669DFC /* Assets.xcassets */; };
		2081F85D281282B100669DFC /* SimpleCounterPage_MVVM.swift in Sources */ = {isa = PBXBuildFile; fileRef = 2081F85C281282B100669DFC /* SimpleCounterPage_MVVM.swift */; };
		2081F85F281287A100669DFC /* Counter.swift in Sources */ = {isa = PBXBuildFile; fileRef = 2081F85E281287A100669DFC /* Counter.swift */; };
		2081F8612812893400669DFC /* CounterViewModel.swift in Sources */ = {isa = PBXBuildFile; fileRef = 2081F8602812893400669DFC /* CounterViewModel.swift */; };
		2081F8632812917100669DFC /* CounterView_MVVM.swift in Sources */ = {isa = PBXBuildFile; fileRef = 2081F8622812917100669DFC /* CounterView_MVVM.swift */; };
		2081F86628129DA700669DFC /* ComposableArchitecture in Frameworks */ = {isa = PBXBuildFile; productRef = 2081F86528129DA700669DFC /* ComposableArchitecture */; };
		2081F86828129E3500669DFC /* CounterStore.swift in Sources */ = {isa = PBXBuildFile; fileRef = 2081F86728129E3500669DFC /* CounterStore.swift */; };
		2081F86A28129F4900669DFC /* CounterView.swift in Sources */ = {isa = PBXBuildFile; fileRef = 2081F86928129F4900669DFC /* CounterView.swift */; };
		2081F86C281380FD00669DFC /* SimpleCounterPage.swift in Sources */ = {isa = PBXBuildFile; fileRef = 2081F86B281380FD00669DFC /* SimpleCounterPage.swift */; };
/* End PBXBuildFile section */

/* Begin PBXContainerItemProxy section */
		2081F830281280B400669DFC /* PBXContainerItemProxy */ = {
			isa = PBXContainerItemProxy;
			containerPortal = 2081F816281280B200669DFC /* Project object */;
			proxyType = 1;
			remoteGlobalIDString = 2081F821281280B400669DFC;
			remoteInfo = "swiftui-with-mvvm-to-tca-counter (iOS)";
		};
		2081F83C281280B400669DFC /* PBXContainerItemProxy */ = {
			isa = PBXContainerItemProxy;
			containerPortal = 2081F816281280B200669DFC /* Project object */;
			proxyType = 1;
			remoteGlobalIDString = 2081F827281280B400669DFC;
			remoteInfo = "swiftui-with-mvvm-to-tca-counter (macOS)";
		};
/* End PBXContainerItemProxy section */

/* Begin PBXFileReference section */
		2063265F281391320092784A /* RandomCounterView_MVVM.swift */ = {isa = PBXFileReference; lastKnownFileType = sourcecode.swift; path = RandomCounterView_MVVM.swift; sourceTree = "<group>"; };
		20632661281392460092784A /* TwoCounterPage_MVVM.swift */ = {isa = PBXFileReference; lastKnownFileType = sourcecode.swift; path = TwoCounterPage_MVVM.swift; sourceTree = "<group>"; };
		20728FF32813964900EFF555 /* CountersStore.swift */ = {isa = PBXFileReference; lastKnownFileType = sourcecode.swift; path = CountersStore.swift; sourceTree = "<group>"; };
		20728FF52813996E00EFF555 /* TwoCounterPage.swift */ = {isa = PBXFileReference; lastKnownFileType = sourcecode.swift; path = TwoCounterPage.swift; sourceTree = "<group>"; };
		2081F81B281280B200669DFC /* swiftui_with_mvvm_to_tca_counterApp.swift */ = {isa = PBXFileReference; lastKnownFileType = sourcecode.swift; path = swiftui_with_mvvm_to_tca_counterApp.swift; sourceTree = "<group>"; };
		2081F81C281280B200669DFC /* ContentView.swift */ = {isa = PBXFileReference; lastKnownFileType = sourcecode.swift; path = ContentView.swift; sourceTree = "<group>"; };
		2081F81D281280B400669DFC /* Assets.xcassets */ = {isa = PBXFileReference; lastKnownFileType = folder.assetcatalog; path = Assets.xcassets; sourceTree = "<group>"; };
		2081F822281280B400669DFC /* swiftui-with-mvvm-to-tca-counter.app */ = {isa = PBXFileReference; explicitFileType = wrapper.application; includeInIndex = 0; path = "swiftui-with-mvvm-to-tca-counter.app"; sourceTree = BUILT_PRODUCTS_DIR; };
		2081F828281280B400669DFC /* swiftui-with-mvvm-to-tca-counter.app */ = {isa = PBXFileReference; explicitFileType = wrapper.application; includeInIndex = 0; path = "swiftui-with-mvvm-to-tca-counter.app"; sourceTree = BUILT_PRODUCTS_DIR; };
		2081F82A281280B400669DFC /* macOS.entitlements */ = {isa = PBXFileReference; lastKnownFileType = text.plist.entitlements; path = macOS.entitlements; sourceTree = "<group>"; };
		2081F82F281280B400669DFC /* Tests iOS.xctest */ = {isa = PBXFileReference; explicitFileType = wrapper.cfbundle; includeInIndex = 0; path = "Tests iOS.xctest"; sourceTree = BUILT_PRODUCTS_DIR; };
		2081F833281280B400669DFC /* Tests_iOS.swift */ = {isa = PBXFileReference; lastKnownFileType = sourcecode.swift; path = Tests_iOS.swift; sourceTree = "<group>"; };
		2081F835281280B400669DFC /* Tests_iOSLaunchTests.swift */ = {isa = PBXFileReference; lastKnownFileType = sourcecode.swift; path = Tests_iOSLaunchTests.swift; sourceTree = "<group>"; };
		2081F83B281280B400669DFC /* Tests macOS.xctest */ = {isa = PBXFileReference; explicitFileType = wrapper.cfbundle; includeInIndex = 0; path = "Tests macOS.xctest"; sourceTree = BUILT_PRODUCTS_DIR; };
		2081F83F281280B400669DFC /* Tests_macOS.swift */ = {isa = PBXFileReference; lastKnownFileType = sourcecode.swift; path = Tests_macOS.swift; sourceTree = "<group>"; };
		2081F841281280B400669DFC /* Tests_macOSLaunchTests.swift */ = {isa = PBXFileReference; lastKnownFileType = sourcecode.swift; path = Tests_macOSLaunchTests.swift; sourceTree = "<group>"; };
		2081F85C281282B100669DFC /* SimpleCounterPage_MVVM.swift */ = {isa = PBXFileReference; lastKnownFileType = sourcecode.swift; path = SimpleCounterPage_MVVM.swift; sourceTree = "<group>"; };
		2081F85E281287A100669DFC /* Counter.swift */ = {isa = PBXFileReference; lastKnownFileType = sourcecode.swift; path = Counter.swift; sourceTree = "<group>"; };
		2081F8602812893400669DFC /* CounterViewModel.swift */ = {isa = PBXFileReference; lastKnownFileType = sourcecode.swift; path = CounterViewModel.swift; sourceTree = "<group>"; };
		2081F8622812917100669DFC /* CounterView_MVVM.swift */ = {isa = PBXFileReference; lastKnownFileType = sourcecode.swift; path = CounterView_MVVM.swift; sourceTree = "<group>"; };
		2081F86728129E3500669DFC /* CounterStore.swift */ = {isa = PBXFileReference; lastKnownFileType = sourcecode.swift; path = CounterStore.swift; sourceTree = "<group>"; };
		2081F86928129F4900669DFC /* CounterView.swift */ = {isa = PBXFileReference; lastKnownFileType = sourcecode.swift; path = CounterView.swift; sourceTree = "<group>"; };
		2081F86B281380FD00669DFC /* SimpleCounterPage.swift */ = {isa = PBXFileReference; lastKnownFileType = sourcecode.swift; path = SimpleCounterPage.swift; sourceTree = "<group>"; };
/* End PBXFileReference section */

/* Begin PBXFrameworksBuildPhase section */
		2081F81F281280B400669DFC /* Frameworks */ = {
			isa = PBXFrameworksBuildPhase;
			buildActionMask = 2147483647;
			files = (
				2081F86628129DA700669DFC /* ComposableArchitecture in Frameworks */,
			);
			runOnlyForDeploymentPostprocessing = 0;
		};
		2081F825281280B400669DFC /* Frameworks */ = {
			isa = PBXFrameworksBuildPhase;
			buildActionMask = 2147483647;
			files = (
			);
			runOnlyForDeploymentPostprocessing = 0;
		};
		2081F82C281280B400669DFC /* Frameworks */ = {
			isa = PBXFrameworksBuildPhase;
			buildActionMask = 2147483647;
			files = (
			);
			runOnlyForDeploymentPostprocessing = 0;
		};
		2081F838281280B400669DFC /* Frameworks */ = {
			isa = PBXFrameworksBuildPhase;
			buildActionMask = 2147483647;
			files = (
			);
			runOnlyForDeploymentPostprocessing = 0;
		};
/* End PBXFrameworksBuildPhase section */

/* Begin PBXGroup section */
		2081F815281280B200669DFC = {
			isa = PBXGroup;
			children = (
				2081F81A281280B200669DFC /* Shared */,
				2081F829281280B400669DFC /* macOS */,
				2081F832281280B400669DFC /* Tests iOS */,
				2081F83E281280B400669DFC /* Tests macOS */,
				2081F823281280B400669DFC /* Products */,
			);
			sourceTree = "<group>";
		};
		2081F81A281280B200669DFC /* Shared */ = {
			isa = PBXGroup;
			children = (
				2081F85B2812822300669DFC /* Stores */,
				2081F85A2812820200669DFC /* ViewModels */,
				2081F859281281F100669DFC /* Models */,
				2081F858281281C500669DFC /* Components */,
				2081F857281280EA00669DFC /* Pages */,
				2081F81B281280B200669DFC /* swiftui_with_mvvm_to_tca_counterApp.swift */,
				2081F81C281280B200669DFC /* ContentView.swift */,
				2081F81D281280B400669DFC /* Assets.xcassets */,
			);
			path = Shared;
			sourceTree = "<group>";
		};
		2081F823281280B400669DFC /* Products */ = {
			isa = PBXGroup;
			children = (
				2081F822281280B400669DFC /* swiftui-with-mvvm-to-tca-counter.app */,
				2081F828281280B400669DFC /* swiftui-with-mvvm-to-tca-counter.app */,
				2081F82F281280B400669DFC /* Tests iOS.xctest */,
				2081F83B281280B400669DFC /* Tests macOS.xctest */,
			);
			name = Products;
			sourceTree = "<group>";
		};
		2081F829281280B400669DFC /* macOS */ = {
			isa = PBXGroup;
			children = (
				2081F82A281280B400669DFC /* macOS.entitlements */,
			);
			path = macOS;
			sourceTree = "<group>";
		};
		2081F832281280B400669DFC /* Tests iOS */ = {
			isa = PBXGroup;
			children = (
				2081F833281280B400669DFC /* Tests_iOS.swift */,
				2081F835281280B400669DFC /* Tests_iOSLaunchTests.swift */,
			);
			path = "Tests iOS";
			sourceTree = "<group>";
		};
		2081F83E281280B400669DFC /* Tests macOS */ = {
			isa = PBXGroup;
			children = (
				2081F83F281280B400669DFC /* Tests_macOS.swift */,
				2081F841281280B400669DFC /* Tests_macOSLaunchTests.swift */,
			);
			path = "Tests macOS";
			sourceTree = "<group>";
		};
		2081F857281280EA00669DFC /* Pages */ = {
			isa = PBXGroup;
			children = (
				2081F85C281282B100669DFC /* SimpleCounterPage_MVVM.swift */,
				2081F86B281380FD00669DFC /* SimpleCounterPage.swift */,
				20632661281392460092784A /* TwoCounterPage_MVVM.swift */,
				20728FF52813996E00EFF555 /* TwoCounterPage.swift */,
			);
			path = Pages;
			sourceTree = "<group>";
		};
		2081F858281281C500669DFC /* Components */ = {
			isa = PBXGroup;
			children = (
				2081F8622812917100669DFC /* CounterView_MVVM.swift */,
				2063265F281391320092784A /* RandomCounterView_MVVM.swift */,
				2081F86928129F4900669DFC /* CounterView.swift */,
			);
			path = Components;
			sourceTree = "<group>";
		};
		2081F859281281F100669DFC /* Models */ = {
			isa = PBXGroup;
			children = (
				2081F85E281287A100669DFC /* Counter.swift */,
			);
			path = Models;
			sourceTree = "<group>";
		};
		2081F85A2812820200669DFC /* ViewModels */ = {
			isa = PBXGroup;
			children = (
				2081F8602812893400669DFC /* CounterViewModel.swift */,
			);
			path = ViewModels;
			sourceTree = "<group>";
		};
		2081F85B2812822300669DFC /* Stores */ = {
			isa = PBXGroup;
			children = (
				2081F86728129E3500669DFC /* CounterStore.swift */,
				20728FF32813964900EFF555 /* CountersStore.swift */,
			);
			path = Stores;
			sourceTree = "<group>";
		};
/* End PBXGroup section */

/* Begin PBXNativeTarget section */
		2081F821281280B400669DFC /* swiftui-with-mvvm-to-tca-counter (iOS) */ = {
			isa = PBXNativeTarget;
			buildConfigurationList = 2081F84B281280B400669DFC /* Build configuration list for PBXNativeTarget "swiftui-with-mvvm-to-tca-counter (iOS)" */;
			buildPhases = (
				2081F81E281280B400669DFC /* Sources */,
				2081F81F281280B400669DFC /* Frameworks */,
				2081F820281280B400669DFC /* Resources */,
			);
			buildRules = (
			);
			dependencies = (
			);
			name = "swiftui-with-mvvm-to-tca-counter (iOS)";
			packageProductDependencies = (
				2081F86528129DA700669DFC /* ComposableArchitecture */,
			);
			productName = "swiftui-with-mvvm-to-tca-counter (iOS)";
			productReference = 2081F822281280B400669DFC /* swiftui-with-mvvm-to-tca-counter.app */;
			productType = "com.apple.product-type.application";
		};
		2081F827281280B400669DFC /* swiftui-with-mvvm-to-tca-counter (macOS) */ = {
			isa = PBXNativeTarget;
			buildConfigurationList = 2081F84E281280B400669DFC /* Build configuration list for PBXNativeTarget "swiftui-with-mvvm-to-tca-counter (macOS)" */;
			buildPhases = (
				2081F824281280B400669DFC /* Sources */,
				2081F825281280B400669DFC /* Frameworks */,
				2081F826281280B400669DFC /* Resources */,
			);
			buildRules = (
			);
			dependencies = (
			);
			name = "swiftui-with-mvvm-to-tca-counter (macOS)";
			productName = "swiftui-with-mvvm-to-tca-counter (macOS)";
			productReference = 2081F828281280B400669DFC /* swiftui-with-mvvm-to-tca-counter.app */;
			productType = "com.apple.product-type.application";
		};
		2081F82E281280B400669DFC /* Tests iOS */ = {
			isa = PBXNativeTarget;
			buildConfigurationList = 2081F851281280B400669DFC /* Build configuration list for PBXNativeTarget "Tests iOS" */;
			buildPhases = (
				2081F82B281280B400669DFC /* Sources */,
				2081F82C281280B400669DFC /* Frameworks */,
				2081F82D281280B400669DFC /* Resources */,
			);
			buildRules = (
			);
			dependencies = (
				2081F831281280B400669DFC /* PBXTargetDependency */,
			);
			name = "Tests iOS";
			productName = "Tests iOS";
			productReference = 2081F82F281280B400669DFC /* Tests iOS.xctest */;
			productType = "com.apple.product-type.bundle.ui-testing";
		};
		2081F83A281280B400669DFC /* Tests macOS */ = {
			isa = PBXNativeTarget;
			buildConfigurationList = 2081F854281280B400669DFC /* Build configuration list for PBXNativeTarget "Tests macOS" */;
			buildPhases = (
				2081F837281280B400669DFC /* Sources */,
				2081F838281280B400669DFC /* Frameworks */,
				2081F839281280B400669DFC /* Resources */,
			);
			buildRules = (
			);
			dependencies = (
				2081F83D281280B400669DFC /* PBXTargetDependency */,
			);
			name = "Tests macOS";
			productName = "Tests macOS";
			productReference = 2081F83B281280B400669DFC /* Tests macOS.xctest */;
			productType = "com.apple.product-type.bundle.ui-testing";
		};
/* End PBXNativeTarget section */

/* Begin PBXProject section */
		2081F816281280B200669DFC /* Project object */ = {
			isa = PBXProject;
			attributes = {
				BuildIndependentTargetsInParallel = 1;
				LastSwiftUpdateCheck = 1320;
				LastUpgradeCheck = 1320;
				TargetAttributes = {
					2081F821281280B400669DFC = {
						CreatedOnToolsVersion = 13.2.1;
					};
					2081F827281280B400669DFC = {
						CreatedOnToolsVersion = 13.2.1;
					};
					2081F82E281280B400669DFC = {
						CreatedOnToolsVersion = 13.2.1;
						TestTargetID = 2081F821281280B400669DFC;
					};
					2081F83A281280B400669DFC = {
						CreatedOnToolsVersion = 13.2.1;
						TestTargetID = 2081F827281280B400669DFC;
					};
				};
			};
			buildConfigurationList = 2081F819281280B200669DFC /* Build configuration list for PBXProject "swiftui-with-mvvm-to-tca-counter" */;
			compatibilityVersion = "Xcode 13.0";
			developmentRegion = en;
			hasScannedForEncodings = 0;
			knownRegions = (
				en,
				Base,
			);
			mainGroup = 2081F815281280B200669DFC;
			packageReferences = (
				2081F86428129DA700669DFC /* XCRemoteSwiftPackageReference "swift-composable-architecture" */,
			);
			productRefGroup = 2081F823281280B400669DFC /* Products */;
			projectDirPath = "";
			projectRoot = "";
			targets = (
				2081F821281280B400669DFC /* swiftui-with-mvvm-to-tca-counter (iOS) */,
				2081F827281280B400669DFC /* swiftui-with-mvvm-to-tca-counter (macOS) */,
				2081F82E281280B400669DFC /* Tests iOS */,
				2081F83A281280B400669DFC /* Tests macOS */,
			);
		};
/* End PBXProject section */

/* Begin PBXResourcesBuildPhase section */
		2081F820281280B400669DFC /* Resources */ = {
			isa = PBXResourcesBuildPhase;
			buildActionMask = 2147483647;
			files = (
				2081F847281280B400669DFC /* Assets.xcassets in Resources */,
			);
			runOnlyForDeploymentPostprocessing = 0;
		};
		2081F826281280B400669DFC /* Resources */ = {
			isa = PBXResourcesBuildPhase;
			buildActionMask = 2147483647;
			files = (
				2081F848281280B400669DFC /* Assets.xcassets in Resources */,
			);
			runOnlyForDeploymentPostprocessing = 0;
		};
		2081F82D281280B400669DFC /* Resources */ = {
			isa = PBXResourcesBuildPhase;
			buildActionMask = 2147483647;
			files = (
			);
			runOnlyForDeploymentPostprocessing = 0;
		};
		2081F839281280B400669DFC /* Resources */ = {
			isa = PBXResourcesBuildPhase;
			buildActionMask = 2147483647;
			files = (
			);
			runOnlyForDeploymentPostprocessing = 0;
		};
/* End PBXResourcesBuildPhase section */

/* Begin PBXSourcesBuildPhase section */
		2081F81E281280B400669DFC /* Sources */ = {
			isa = PBXSourcesBuildPhase;
			buildActionMask = 2147483647;
			files = (
				2081F8612812893400669DFC /* CounterViewModel.swift in Sources */,
				2081F85F281287A100669DFC /* Counter.swift in Sources */,
				20632660281391320092784A /* RandomCounterView_MVVM.swift in Sources */,
				2081F86828129E3500669DFC /* CounterStore.swift in Sources */,
				2081F85D281282B100669DFC /* SimpleCounterPage_MVVM.swift in Sources */,
				2081F845281280B400669DFC /* ContentView.swift in Sources */,
				20728FF42813964900EFF555 /* CountersStore.swift in Sources */,
				20728FF62813996E00EFF555 /* TwoCounterPage.swift in Sources */,
				2081F843281280B400669DFC /* swiftui_with_mvvm_to_tca_counterApp.swift in Sources */,
				2081F8632812917100669DFC /* CounterView_MVVM.swift in Sources */,
				20632662281392460092784A /* TwoCounterPage_MVVM.swift in Sources */,
				2081F86C281380FD00669DFC /* SimpleCounterPage.swift in Sources */,
				2081F86A28129F4900669DFC /* CounterView.swift in Sources */,
			);
			runOnlyForDeploymentPostprocessing = 0;
		};
		2081F824281280B400669DFC /* Sources */ = {
			isa = PBXSourcesBuildPhase;
			buildActionMask = 2147483647;
			files = (
				2081F846281280B400669DFC /* ContentView.swift in Sources */,
				2081F844281280B400669DFC /* swiftui_with_mvvm_to_tca_counterApp.swift in Sources */,
			);
			runOnlyForDeploymentPostprocessing = 0;
		};
		2081F82B281280B400669DFC /* Sources */ = {
			isa = PBXSourcesBuildPhase;
			buildActionMask = 2147483647;
			files = (
				2081F836281280B400669DFC /* Tests_iOSLaunchTests.swift in Sources */,
				2081F834281280B400669DFC /* Tests_iOS.swift in Sources */,
			);
			runOnlyForDeploymentPostprocessing = 0;
		};
		2081F837281280B400669DFC /* Sources */ = {
			isa = PBXSourcesBuildPhase;
			buildActionMask = 2147483647;
			files = (
				2081F842281280B400669DFC /* Tests_macOSLaunchTests.swift in Sources */,
				2081F840281280B400669DFC /* Tests_macOS.swift in Sources */,
			);
			runOnlyForDeploymentPostprocessing = 0;
		};
/* End PBXSourcesBuildPhase section */

/* Begin PBXTargetDependency section */
		2081F831281280B400669DFC /* PBXTargetDependency */ = {
			isa = PBXTargetDependency;
			target = 2081F821281280B400669DFC /* swiftui-with-mvvm-to-tca-counter (iOS) */;
			targetProxy = 2081F830281280B400669DFC /* PBXContainerItemProxy */;
		};
		2081F83D281280B400669DFC /* PBXTargetDependency */ = {
			isa = PBXTargetDependency;
			target = 2081F827281280B400669DFC /* swiftui-with-mvvm-to-tca-counter (macOS) */;
			targetProxy = 2081F83C281280B400669DFC /* PBXContainerItemProxy */;
		};
/* End PBXTargetDependency section */

/* Begin XCBuildConfiguration section */
		2081F849281280B400669DFC /* Debug */ = {
			isa = XCBuildConfiguration;
			buildSettings = {
				ALWAYS_SEARCH_USER_PATHS = NO;
				CLANG_ANALYZER_NONNULL = YES;
				CLANG_ANALYZER_NUMBER_OBJECT_CONVERSION = YES_AGGRESSIVE;
				CLANG_CXX_LANGUAGE_STANDARD = "gnu++17";
				CLANG_CXX_LIBRARY = "libc++";
				CLANG_ENABLE_MODULES = YES;
				CLANG_ENABLE_OBJC_ARC = YES;
				CLANG_ENABLE_OBJC_WEAK = YES;
				CLANG_WARN_BLOCK_CAPTURE_AUTORELEASING = YES;
				CLANG_WARN_BOOL_CONVERSION = YES;
				CLANG_WARN_COMMA = YES;
				CLANG_WARN_CONSTANT_CONVERSION = YES;
				CLANG_WARN_DEPRECATED_OBJC_IMPLEMENTATIONS = YES;
				CLANG_WARN_DIRECT_OBJC_ISA_USAGE = YES_ERROR;
				CLANG_WARN_DOCUMENTATION_COMMENTS = YES;
				CLANG_WARN_EMPTY_BODY = YES;
				CLANG_WARN_ENUM_CONVERSION = YES;
				CLANG_WARN_INFINITE_RECURSION = YES;
				CLANG_WARN_INT_CONVERSION = YES;
				CLANG_WARN_NON_LITERAL_NULL_CONVERSION = YES;
				CLANG_WARN_OBJC_IMPLICIT_RETAIN_SELF = YES;
				CLANG_WARN_OBJC_LITERAL_CONVERSION = YES;
				CLANG_WARN_OBJC_ROOT_CLASS = YES_ERROR;
				CLANG_WARN_QUOTED_INCLUDE_IN_FRAMEWORK_HEADER = YES;
				CLANG_WARN_RANGE_LOOP_ANALYSIS = YES;
				CLANG_WARN_STRICT_PROTOTYPES = YES;
				CLANG_WARN_SUSPICIOUS_MOVE = YES;
				CLANG_WARN_UNGUARDED_AVAILABILITY = YES_AGGRESSIVE;
				CLANG_WARN_UNREACHABLE_CODE = YES;
				CLANG_WARN__DUPLICATE_METHOD_MATCH = YES;
				COPY_PHASE_STRIP = NO;
				DEBUG_INFORMATION_FORMAT = dwarf;
				ENABLE_STRICT_OBJC_MSGSEND = YES;
				ENABLE_TESTABILITY = YES;
				GCC_C_LANGUAGE_STANDARD = gnu11;
				GCC_DYNAMIC_NO_PIC = NO;
				GCC_NO_COMMON_BLOCKS = YES;
				GCC_OPTIMIZATION_LEVEL = 0;
				GCC_PREPROCESSOR_DEFINITIONS = (
					"DEBUG=1",
					"$(inherited)",
				);
				GCC_WARN_64_TO_32_BIT_CONVERSION = YES;
				GCC_WARN_ABOUT_RETURN_TYPE = YES_ERROR;
				GCC_WARN_UNDECLARED_SELECTOR = YES;
				GCC_WARN_UNINITIALIZED_AUTOS = YES_AGGRESSIVE;
				GCC_WARN_UNUSED_FUNCTION = YES;
				GCC_WARN_UNUSED_VARIABLE = YES;
				MTL_ENABLE_DEBUG_INFO = INCLUDE_SOURCE;
				MTL_FAST_MATH = YES;
				ONLY_ACTIVE_ARCH = YES;
				SWIFT_ACTIVE_COMPILATION_CONDITIONS = DEBUG;
				SWIFT_OPTIMIZATION_LEVEL = "-Onone";
			};
			name = Debug;
		};
		2081F84A281280B400669DFC /* Release */ = {
			isa = XCBuildConfiguration;
			buildSettings = {
				ALWAYS_SEARCH_USER_PATHS = NO;
				CLANG_ANALYZER_NONNULL = YES;
				CLANG_ANALYZER_NUMBER_OBJECT_CONVERSION = YES_AGGRESSIVE;
				CLANG_CXX_LANGUAGE_STANDARD = "gnu++17";
				CLANG_CXX_LIBRARY = "libc++";
				CLANG_ENABLE_MODULES = YES;
				CLANG_ENABLE_OBJC_ARC = YES;
				CLANG_ENABLE_OBJC_WEAK = YES;
				CLANG_WARN_BLOCK_CAPTURE_AUTORELEASING = YES;
				CLANG_WARN_BOOL_CONVERSION = YES;
				CLANG_WARN_COMMA = YES;
				CLANG_WARN_CONSTANT_CONVERSION = YES;
				CLANG_WARN_DEPRECATED_OBJC_IMPLEMENTATIONS = YES;
				CLANG_WARN_DIRECT_OBJC_ISA_USAGE = YES_ERROR;
				CLANG_WARN_DOCUMENTATION_COMMENTS = YES;
				CLANG_WARN_EMPTY_BODY = YES;
				CLANG_WARN_ENUM_CONVERSION = YES;
				CLANG_WARN_INFINITE_RECURSION = YES;
				CLANG_WARN_INT_CONVERSION = YES;
				CLANG_WARN_NON_LITERAL_NULL_CONVERSION = YES;
				CLANG_WARN_OBJC_IMPLICIT_RETAIN_SELF = YES;
				CLANG_WARN_OBJC_LITERAL_CONVERSION = YES;
				CLANG_WARN_OBJC_ROOT_CLASS = YES_ERROR;
				CLANG_WARN_QUOTED_INCLUDE_IN_FRAMEWORK_HEADER = YES;
				CLANG_WARN_RANGE_LOOP_ANALYSIS = YES;
				CLANG_WARN_STRICT_PROTOTYPES = YES;
				CLANG_WARN_SUSPICIOUS_MOVE = YES;
				CLANG_WARN_UNGUARDED_AVAILABILITY = YES_AGGRESSIVE;
				CLANG_WARN_UNREACHABLE_CODE = YES;
				CLANG_WARN__DUPLICATE_METHOD_MATCH = YES;
				COPY_PHASE_STRIP = NO;
				DEBUG_INFORMATION_FORMAT = "dwarf-with-dsym";
				ENABLE_NS_ASSERTIONS = NO;
				ENABLE_STRICT_OBJC_MSGSEND = YES;
				GCC_C_LANGUAGE_STANDARD = gnu11;
				GCC_NO_COMMON_BLOCKS = YES;
				GCC_WARN_64_TO_32_BIT_CONVERSION = YES;
				GCC_WARN_ABOUT_RETURN_TYPE = YES_ERROR;
				GCC_WARN_UNDECLARED_SELECTOR = YES;
				GCC_WARN_UNINITIALIZED_AUTOS = YES_AGGRESSIVE;
				GCC_WARN_UNUSED_FUNCTION = YES;
				GCC_WARN_UNUSED_VARIABLE = YES;
				MTL_ENABLE_DEBUG_INFO = NO;
				MTL_FAST_MATH = YES;
				SWIFT_COMPILATION_MODE = wholemodule;
				SWIFT_OPTIMIZATION_LEVEL = "-O";
			};
			name = Release;
		};
		2081F84C281280B400669DFC /* Debug */ = {
			isa = XCBuildConfiguration;
			buildSettings = {
				ASSETCATALOG_COMPILER_APPICON_NAME = AppIcon;
				ASSETCATALOG_COMPILER_GLOBAL_ACCENT_COLOR_NAME = AccentColor;
				CODE_SIGN_STYLE = Automatic;
				CURRENT_PROJECT_VERSION = 1;
				DEVELOPMENT_TEAM = M63PA5KAC8;
				ENABLE_PREVIEWS = YES;
				GENERATE_INFOPLIST_FILE = YES;
				INFOPLIST_KEY_UIApplicationSceneManifest_Generation = YES;
				INFOPLIST_KEY_UIApplicationSupportsIndirectInputEvents = YES;
				INFOPLIST_KEY_UILaunchScreen_Generation = YES;
				INFOPLIST_KEY_UISupportedInterfaceOrientations_iPad = "UIInterfaceOrientationPortrait UIInterfaceOrientationPortraitUpsideDown UIInterfaceOrientationLandscapeLeft UIInterfaceOrientationLandscapeRight";
				INFOPLIST_KEY_UISupportedInterfaceOrientations_iPhone = "UIInterfaceOrientationPortrait UIInterfaceOrientationLandscapeLeft UIInterfaceOrientationLandscapeRight";
				IPHONEOS_DEPLOYMENT_TARGET = 15.2;
				LD_RUNPATH_SEARCH_PATHS = (
					"$(inherited)",
					"@executable_path/Frameworks",
				);
				MARKETING_VERSION = 1.0;
				PRODUCT_BUNDLE_IDENTIFIER = "com.karamage.swiftui-with-mvvm-to-tca-counter";
				PRODUCT_NAME = "swiftui-with-mvvm-to-tca-counter";
				SDKROOT = iphoneos;
				SWIFT_EMIT_LOC_STRINGS = YES;
				SWIFT_VERSION = 5.0;
				TARGETED_DEVICE_FAMILY = "1,2";
			};
			name = Debug;
		};
		2081F84D281280B400669DFC /* Release */ = {
			isa = XCBuildConfiguration;
			buildSettings = {
				ASSETCATALOG_COMPILER_APPICON_NAME = AppIcon;
				ASSETCATALOG_COMPILER_GLOBAL_ACCENT_COLOR_NAME = AccentColor;
				CODE_SIGN_STYLE = Automatic;
				CURRENT_PROJECT_VERSION = 1;
				DEVELOPMENT_TEAM = M63PA5KAC8;
				ENABLE_PREVIEWS = YES;
				GENERATE_INFOPLIST_FILE = YES;
				INFOPLIST_KEY_UIApplicationSceneManifest_Generation = YES;
				INFOPLIST_KEY_UIApplicationSupportsIndirectInputEvents = YES;
				INFOPLIST_KEY_UILaunchScreen_Generation = YES;
				INFOPLIST_KEY_UISupportedInterfaceOrientations_iPad = "UIInterfaceOrientationPortrait UIInterfaceOrientationPortraitUpsideDown UIInterfaceOrientationLandscapeLeft UIInterfaceOrientationLandscapeRight";
				INFOPLIST_KEY_UISupportedInterfaceOrientations_iPhone = "UIInterfaceOrientationPortrait UIInterfaceOrientationLandscapeLeft UIInterfaceOrientationLandscapeRight";
				IPHONEOS_DEPLOYMENT_TARGET = 15.2;
				LD_RUNPATH_SEARCH_PATHS = (
					"$(inherited)",
					"@executable_path/Frameworks",
				);
				MARKETING_VERSION = 1.0;
				PRODUCT_BUNDLE_IDENTIFIER = "com.karamage.swiftui-with-mvvm-to-tca-counter";
				PRODUCT_NAME = "swiftui-with-mvvm-to-tca-counter";
				SDKROOT = iphoneos;
				SWIFT_EMIT_LOC_STRINGS = YES;
				SWIFT_VERSION = 5.0;
				TARGETED_DEVICE_FAMILY = "1,2";
				VALIDATE_PRODUCT = YES;
			};
			name = Release;
		};
		2081F84F281280B400669DFC /* Debug */ = {
			isa = XCBuildConfiguration;
			buildSettings = {
				ASSETCATALOG_COMPILER_APPICON_NAME = AppIcon;
				ASSETCATALOG_COMPILER_GLOBAL_ACCENT_COLOR_NAME = AccentColor;
				CODE_SIGN_ENTITLEMENTS = macOS/macOS.entitlements;
				CODE_SIGN_STYLE = Automatic;
				COMBINE_HIDPI_IMAGES = YES;
				CURRENT_PROJECT_VERSION = 1;
				DEVELOPMENT_TEAM = M63PA5KAC8;
				ENABLE_HARDENED_RUNTIME = YES;
				ENABLE_PREVIEWS = YES;
				GENERATE_INFOPLIST_FILE = YES;
				INFOPLIST_KEY_NSHumanReadableCopyright = "";
				LD_RUNPATH_SEARCH_PATHS = (
					"$(inherited)",
					"@executable_path/../Frameworks",
				);
				MACOSX_DEPLOYMENT_TARGET = 12.1;
				MARKETING_VERSION = 1.0;
				PRODUCT_BUNDLE_IDENTIFIER = "com.karamage.swiftui-with-mvvm-to-tca-counter";
				PRODUCT_NAME = "swiftui-with-mvvm-to-tca-counter";
				SDKROOT = macosx;
				SWIFT_EMIT_LOC_STRINGS = YES;
				SWIFT_VERSION = 5.0;
			};
			name = Debug;
		};
		2081F850281280B400669DFC /* Release */ = {
			isa = XCBuildConfiguration;
			buildSettings = {
				ASSETCATALOG_COMPILER_APPICON_NAME = AppIcon;
				ASSETCATALOG_COMPILER_GLOBAL_ACCENT_COLOR_NAME = AccentColor;
				CODE_SIGN_ENTITLEMENTS = macOS/macOS.entitlements;
				CODE_SIGN_STYLE = Automatic;
				COMBINE_HIDPI_IMAGES = YES;
				CURRENT_PROJECT_VERSION = 1;
				DEVELOPMENT_TEAM = M63PA5KAC8;
				ENABLE_HARDENED_RUNTIME = YES;
				ENABLE_PREVIEWS = YES;
				GENERATE_INFOPLIST_FILE = YES;
				INFOPLIST_KEY_NSHumanReadableCopyright = "";
				LD_RUNPATH_SEARCH_PATHS = (
					"$(inherited)",
					"@executable_path/../Frameworks",
				);
				MACOSX_DEPLOYMENT_TARGET = 12.1;
				MARKETING_VERSION = 1.0;
				PRODUCT_BUNDLE_IDENTIFIER = "com.karamage.swiftui-with-mvvm-to-tca-counter";
				PRODUCT_NAME = "swiftui-with-mvvm-to-tca-counter";
				SDKROOT = macosx;
				SWIFT_EMIT_LOC_STRINGS = YES;
				SWIFT_VERSION = 5.0;
			};
			name = Release;
		};
		2081F852281280B400669DFC /* Debug */ = {
			isa = XCBuildConfiguration;
			buildSettings = {
				ALWAYS_EMBED_SWIFT_STANDARD_LIBRARIES = YES;
				CODE_SIGN_STYLE = Automatic;
				CURRENT_PROJECT_VERSION = 1;
				DEVELOPMENT_TEAM = M63PA5KAC8;
				GENERATE_INFOPLIST_FILE = YES;
				IPHONEOS_DEPLOYMENT_TARGET = 15.2;
				MARKETING_VERSION = 1.0;
				PRODUCT_BUNDLE_IDENTIFIER = "com.karamage.Tests-iOS";
				PRODUCT_NAME = "$(TARGET_NAME)";
				SDKROOT = iphoneos;
				SWIFT_EMIT_LOC_STRINGS = NO;
				SWIFT_VERSION = 5.0;
				TARGETED_DEVICE_FAMILY = "1,2";
				TEST_TARGET_NAME = "swiftui-with-mvvm-to-tca-counter (iOS)";
			};
			name = Debug;
		};
		2081F853281280B400669DFC /* Release */ = {
			isa = XCBuildConfiguration;
			buildSettings = {
				ALWAYS_EMBED_SWIFT_STANDARD_LIBRARIES = YES;
				CODE_SIGN_STYLE = Automatic;
				CURRENT_PROJECT_VERSION = 1;
				DEVELOPMENT_TEAM = M63PA5KAC8;
				GENERATE_INFOPLIST_FILE = YES;
				IPHONEOS_DEPLOYMENT_TARGET = 15.2;
				MARKETING_VERSION = 1.0;
				PRODUCT_BUNDLE_IDENTIFIER = "com.karamage.Tests-iOS";
				PRODUCT_NAME = "$(TARGET_NAME)";
				SDKROOT = iphoneos;
				SWIFT_EMIT_LOC_STRINGS = NO;
				SWIFT_VERSION = 5.0;
				TARGETED_DEVICE_FAMILY = "1,2";
				TEST_TARGET_NAME = "swiftui-with-mvvm-to-tca-counter (iOS)";
				VALIDATE_PRODUCT = YES;
			};
			name = Release;
		};
		2081F855281280B400669DFC /* Debug */ = {
			isa = XCBuildConfiguration;
			buildSettings = {
				ALWAYS_EMBED_SWIFT_STANDARD_LIBRARIES = YES;
				CODE_SIGN_STYLE = Automatic;
				CURRENT_PROJECT_VERSION = 1;
				DEVELOPMENT_TEAM = M63PA5KAC8;
				GENERATE_INFOPLIST_FILE = YES;
				MACOSX_DEPLOYMENT_TARGET = 12.1;
				MARKETING_VERSION = 1.0;
				PRODUCT_BUNDLE_IDENTIFIER = "com.karamage.Tests-macOS";
				PRODUCT_NAME = "$(TARGET_NAME)";
				SDKROOT = macosx;
				SWIFT_EMIT_LOC_STRINGS = NO;
				SWIFT_VERSION = 5.0;
				TEST_TARGET_NAME = "swiftui-with-mvvm-to-tca-counter (macOS)";
			};
			name = Debug;
		};
		2081F856281280B400669DFC /* Release */ = {
			isa = XCBuildConfiguration;
			buildSettings = {
				ALWAYS_EMBED_SWIFT_STANDARD_LIBRARIES = YES;
				CODE_SIGN_STYLE = Automatic;
				CURRENT_PROJECT_VERSION = 1;
				DEVELOPMENT_TEAM = M63PA5KAC8;
				GENERATE_INFOPLIST_FILE = YES;
				MACOSX_DEPLOYMENT_TARGET = 12.1;
				MARKETING_VERSION = 1.0;
				PRODUCT_BUNDLE_IDENTIFIER = "com.karamage.Tests-macOS";
				PRODUCT_NAME = "$(TARGET_NAME)";
				SDKROOT = macosx;
				SWIFT_EMIT_LOC_STRINGS = NO;
				SWIFT_VERSION = 5.0;
				TEST_TARGET_NAME = "swiftui-with-mvvm-to-tca-counter (macOS)";
			};
			name = Release;
		};
/* End XCBuildConfiguration section */

/* Begin XCConfigurationList section */
		2081F819281280B200669DFC /* Build configuration list for PBXProject "swiftui-with-mvvm-to-tca-counter" */ = {
			isa = XCConfigurationList;
			buildConfigurations = (
				2081F849281280B400669DFC /* Debug */,
				2081F84A281280B400669DFC /* Release */,
			);
			defaultConfigurationIsVisible = 0;
			defaultConfigurationName = Release;
		};
		2081F84B281280B400669DFC /* Build configuration list for PBXNativeTarget "swiftui-with-mvvm-to-tca-counter (iOS)" */ = {
			isa = XCConfigurationList;
			buildConfigurations = (
				2081F84C281280B400669DFC /* Debug */,
				2081F84D281280B400669DFC /* Release */,
			);
			defaultConfigurationIsVisible = 0;
			defaultConfigurationName = Release;
		};
		2081F84E281280B400669DFC /* Build configuration list for PBXNativeTarget "swiftui-with-mvvm-to-tca-counter (macOS)" */ = {
			isa = XCConfigurationList;
			buildConfigurations = (
				2081F84F281280B400669DFC /* Debug */,
				2081F850281280B400669DFC /* Release */,
			);
			defaultConfigurationIsVisible = 0;
			defaultConfigurationName = Release;
		};
		2081F851281280B400669DFC /* Build configuration list for PBXNativeTarget "Tests iOS" */ = {
			isa = XCConfigurationList;
			buildConfigurations = (
				2081F852281280B400669DFC /* Debug */,
				2081F853281280B400669DFC /* Release */,
			);
			defaultConfigurationIsVisible = 0;
			defaultConfigurationName = Release;
		};
		2081F854281280B400669DFC /* Build configuration list for PBXNativeTarget "Tests macOS" */ = {
			isa = XCConfigurationList;
			buildConfigurations = (
				2081F855281280B400669DFC /* Debug */,
				2081F856281280B400669DFC /* Release */,
			);
			defaultConfigurationIsVisible = 0;
			defaultConfigurationName = Release;
		};
/* End XCConfigurationList section */

/* Begin XCRemoteSwiftPackageReference section */
		2081F86428129DA700669DFC /* XCRemoteSwiftPackageReference "swift-composable-architecture" */ = {
			isa = XCRemoteSwiftPackageReference;
			repositoryURL = "https://github.com/pointfreeco/swift-composable-architecture.git";
			requirement = {
				branch = main;
				kind = branch;
			};
		};
/* End XCRemoteSwiftPackageReference section */

/* Begin XCSwiftPackageProductDependency section */
		2081F86528129DA700669DFC /* ComposableArchitecture */ = {
			isa = XCSwiftPackageProductDependency;
			package = 2081F86428129DA700669DFC /* XCRemoteSwiftPackageReference "swift-composable-architecture" */;
			productName = ComposableArchitecture;
		};
/* End XCSwiftPackageProductDependency section */
	};
	rootObject = 2081F816281280B200669DFC /* Project object */;
}
